# THIS IS AN AUTOGENERATED FILE. DO NOT EDIT THIS FILE DIRECTLY.
# yarn lockfile v1


"@dcloudio/uni-webview-js@^0.0.3":
  version "0.0.3"
  resolved "https://mirrors.huaweicloud.com/repository/npm/@dcloudio/uni-webview-js/-/uni-webview-js-0.0.3.tgz#569681eaa56ceadc2f08184b7eafbc320155381a"
  integrity sha512-3XDnLXg22QKC/aTLtGim6zbOK+euiDYoRf98BjGDE0lqMm1U4SLFHAvOlAHa0qck91phaceKwo73ScQQgSojQg==
